// !$*UTF8*$!
{
	archiveVersion = 1;
	classes = {
	};
	objectVersion = 46;
	objects = {

/* Begin PBXBuildFile section */
		8890E2F91C8AAB8D00A7215A /* AppDelegate.swift in Sources */ = {isa = PBXBuildFile; fileRef = 8890E2F81C8AAB8D00A7215A /* AppDelegate.swift */; };
		8890E2FB1C8AAB8D00A7215A /* ViewController.swift in Sources */ = {isa = PBXBuildFile; fileRef = 8890E2FA1C8AAB8D00A7215A /* ViewController.swift */; };
		8890E2FE1C8AAB8D00A7215A /* Main.storyboard in Resources */ = {isa = PBXBuildFile; fileRef = 8890E2FC1C8AAB8D00A7215A /* Main.storyboard */; };
		8890E3001C8AAB8D00A7215A /* Assets.xcassets in Resources */ = {isa = PBXBuildFile; fileRef = 8890E2FF1C8AAB8D00A7215A /* Assets.xcassets */; };
		8890E3031C8AAB8D00A7215A /* LaunchScreen.storyboard in Resources */ = {isa = PBXBuildFile; fileRef = 8890E3011C8AAB8D00A7215A /* LaunchScreen.storyboard */; };
		8890E30E1C8AAB8E00A7215A /* ContactsTests.swift in Sources */ = {isa = PBXBuildFile; fileRef = 8890E30D1C8AAB8E00A7215A /* ContactsTests.swift */; };
		8890E3191C8AAB8E00A7215A /* ContactsUITests.swift in Sources */ = {isa = PBXBuildFile; fileRef = 8890E3181C8AAB8E00A7215A /* ContactsUITests.swift */; };
/* End PBXBuildFile section */

/* Begin PBXContainerItemProxy section */
		8890E30A1C8AAB8E00A7215A /* PBXContainerItemProxy */ = {
			isa = PBXContainerItemProxy;
			containerPortal = 8890E2ED1C8AAB8D00A7215A /* Project object */;
			proxyType = 1;
			remoteGlobalIDString = 8890E2F41C8AAB8D00A7215A;
			remoteInfo = Contacts;
		};
		8890E3151C8AAB8E00A7215A /* PBXContainerItemProxy */ = {
			isa = PBXContainerItemProxy;
			containerPortal = 8890E2ED1C8AAB8D00A7215A /* Project object */;
			proxyType = 1;
			remoteGlobalIDString = 8890E2F41C8AAB8D00A7215A;
			remoteInfo = Contacts;
		};
/* End PBXContainerItemProxy section */

/* Begin PBXFileReference section */
		8890E2F51C8AAB8D00A7215A /* Contacts.app */ = {isa = PBXFileReference; explicitFileType = wrapper.application; includeInIndex = 0; path = Contacts.app; sourceTree = BUILT_PRODUCTS_DIR; };
		8890E2F81C8AAB8D00A7215A /* AppDelegate.swift */ = {isa = PBXFileReference; lastKnownFileType = sourcecode.swift; path = AppDelegate.swift; sourceTree = "<group>"; };
		8890E2FA1C8AAB8D00A7215A /* ViewController.swift */ = {isa = PBXFileReference; lastKnownFileType = sourcecode.swift; path = ViewController.swift; sourceTree = "<group>"; };
		8890E2FD1C8AAB8D00A7215A /* Base */ = {isa = PBXFileReference; lastKnownFileType = file.storyboard; name = Base; path = Base.lproj/Main.storyboard; sourceTree = "<group>"; };
		8890E2FF1C8AAB8D00A7215A /* Assets.xcassets */ = {isa = PBXFileReference; lastKnownFileType = folder.assetcatalog; path = Assets.xcassets; sourceTree = "<group>"; };
		8890E3021C8AAB8D00A7215A /* Base */ = {isa = PBXFileReference; lastKnownFileType = file.storyboard; name = Base; path = Base.lproj/LaunchScreen.storyboard; sourceTree = "<group>"; };
		8890E3041C8AAB8D00A7215A /* Info.plist */ = {isa = PBXFileReference; lastKnownFileType = text.plist.xml; path = Info.plist; sourceTree = "<group>"; };
		8890E3091C8AAB8D00A7215A /* ContactsTests.xctest */ = {isa = PBXFileReference; explicitFileType = wrapper.cfbundle; includeInIndex = 0; path = ContactsTests.xctest; sourceTree = BUILT_PRODUCTS_DIR; };
		8890E30D1C8AAB8E00A7215A /* ContactsTests.swift */ = {isa = PBXFileReference; lastKnownFileType = sourcecode.swift; path = ContactsTests.swift; sourceTree = "<group>"; };
		8890E30F1C8AAB8E00A7215A /* Info.plist */ = {isa = PBXFileReference; lastKnownFileType = text.plist.xml; path = Info.plist; sourceTree = "<group>"; };
		8890E3141C8AAB8E00A7215A /* ContactsUITests.xctest */ = {isa = PBXFileReference; explicitFileType = wrapper.cfbundle; includeInIndex = 0; path = ContactsUITests.xctest; sourceTree = BUILT_PRODUCTS_DIR; };
		8890E3181C8AAB8E00A7215A /* ContactsUITests.swift */ = {isa = PBXFileReference; lastKnownFileType = sourcecode.swift; path = ContactsUITests.swift; sourceTree = "<group>"; };
		8890E31A1C8AAB8E00A7215A /* Info.plist */ = {isa = PBXFileReference; lastKnownFileType = text.plist.xml; path = Info.plist; sourceTree = "<group>"; };
/* End PBXFileReference section */

/* Begin PBXFrameworksBuildPhase section */
		8890E2F21C8AAB8D00A7215A /* Frameworks */ = {
			isa = PBXFrameworksBuildPhase;
			buildActionMask = 2147483647;
			files = (
			);
			runOnlyForDeploymentPostprocessing = 0;
		};
		8890E3061C8AAB8D00A7215A /* Frameworks */ = {
			isa = PBXFrameworksBuildPhase;
			buildActionMask = 2147483647;
			files = (
			);
			runOnlyForDeploymentPostprocessing = 0;
		};
		8890E3111C8AAB8E00A7215A /* Frameworks */ = {
			isa = PBXFrameworksBuildPhase;
			buildActionMask = 2147483647;
			files = (
			);
			runOnlyForDeploymentPostprocessing = 0;
		};
/* End PBXFrameworksBuildPhase section */

/* Begin PBXGroup section */
		8890E2EC1C8AAB8D00A7215A = {
			isa = PBXGroup;
			children = (
				8890E2F71C8AAB8D00A7215A /* Contacts */,
				8890E30C1C8AAB8E00A7215A /* ContactsTests */,
				8890E3171C8AAB8E00A7215A /* ContactsUITests */,
				8890E2F61C8AAB8D00A7215A /* Products */,
			);
			sourceTree = "<group>";
		};
		8890E2F61C8AAB8D00A7215A /* Products */ = {
			isa = PBXGroup;
			children = (
				8890E2F51C8AAB8D00A7215A /* Contacts.app */,
				8890E3091C8AAB8D00A7215A /* ContactsTests.xctest */,
				8890E3141C8AAB8E00A7215A /* ContactsUITests.xctest */,
			);
			name = Products;
			sourceTree = "<group>";
		};
		8890E2F71C8AAB8D00A7215A /* Contacts */ = {
			isa = PBXGroup;
			children = (
				8890E2F81C8AAB8D00A7215A /* AppDelegate.swift */,
				8890E2FA1C8AAB8D00A7215A /* ViewController.swift */,
				8890E2FC1C8AAB8D00A7215A /* Main.storyboard */,
				8890E2FF1C8AAB8D00A7215A /* Assets.xcassets */,
				8890E3011C8AAB8D00A7215A /* LaunchScreen.storyboard */,
				8890E3041C8AAB8D00A7215A /* Info.plist */,
			);
			path = Contacts;
			sourceTree = "<group>";
		};
		8890E30C1C8AAB8E00A7215A /* ContactsTests */ = {
			isa = PBXGroup;
			children = (
				8890E30D1C8AAB8E00A7215A /* ContactsTests.swift */,
				8890E30F1C8AAB8E00A7215A /* Info.plist */,
			);
			path = ContactsTests;
			sourceTree = "<group>";
		};
		8890E3171C8AAB8E00A7215A /* ContactsUITests */ = {
			isa = PBXGroup;
			children = (
				8890E3181C8AAB8E00A7215A /* ContactsUITests.swift */,
				8890E31A1C8AAB8E00A7215A /* Info.plist */,
			);
			path = ContactsUITests;
			sourceTree = "<group>";
		};
/* End PBXGroup section */

/* Begin PBXNativeTarget section */
		8890E2F41C8AAB8D00A7215A /* Contacts */ = {
			isa = PBXNativeTarget;
			buildConfigurationList = 8890E31D1C8AAB8E00A7215A /* Build configuration list for PBXNativeTarget "Contacts" */;
			buildPhases = (
				8890E2F11C8AAB8D00A7215A /* Sources */,
				8890E2F21C8AAB8D00A7215A /* Frameworks */,
				8890E2F31C8AAB8D00A7215A /* Resources */,
			);
			buildRules = (
			);
			dependencies = (
			);
			name = Contacts;
			productName = Contacts;
			productReference = 8890E2F51C8AAB8D00A7215A /* Contacts.app */;
			productType = "com.apple.product-type.application";
		};
		8890E3081C8AAB8D00A7215A /* ContactsTests */ = {
			isa = PBXNativeTarget;
			buildConfigurationList = 8890E3201C8AAB8E00A7215A /* Build configuration list for PBXNativeTarget "ContactsTests" */;
			buildPhases = (
				8890E3051C8AAB8D00A7215A /* Sources */,
				8890E3061C8AAB8D00A7215A /* Frameworks */,
				8890E3071C8AAB8D00A7215A /* Resources */,
			);
			buildRules = (
			);
			dependencies = (
				8890E30B1C8AAB8E00A7215A /* PBXTargetDependency */,
			);
			name = ContactsTests;
			productName = ContactsTests;
			productReference = 8890E3091C8AAB8D00A7215A /* ContactsTests.xctest */;
			productType = "com.apple.product-type.bundle.unit-test";
		};
		8890E3131C8AAB8E00A7215A /* ContactsUITests */ = {
			isa = PBXNativeTarget;
			buildConfigurationList = 8890E3231C8AAB8E00A7215A /* Build configuration list for PBXNativeTarget "ContactsUITests" */;
			buildPhases = (
				8890E3101C8AAB8E00A7215A /* Sources */,
				8890E3111C8AAB8E00A7215A /* Frameworks */,
				8890E3121C8AAB8E00A7215A /* Resources */,
			);
			buildRules = (
			);
			dependencies = (
				8890E3161C8AAB8E00A7215A /* PBXTargetDependency */,
			);
			name = ContactsUITests;
			productName = ContactsUITests;
			productReference = 8890E3141C8AAB8E00A7215A /* ContactsUITests.xctest */;
			productType = "com.apple.product-type.bundle.ui-testing";
		};
/* End PBXNativeTarget section */

/* Begin PBXProject section */
		8890E2ED1C8AAB8D00A7215A /* Project object */ = {
			isa = PBXProject;
			attributes = {
				LastUpgradeCheck = 0700;
				ORGANIZATIONNAME = "Anusha Patil";
				TargetAttributes = {
					8890E2F41C8AAB8D00A7215A = {
						CreatedOnToolsVersion = 7.0.1;
					};
					8890E3081C8AAB8D00A7215A = {
						CreatedOnToolsVersion = 7.0.1;
						TestTargetID = 8890E2F41C8AAB8D00A7215A;
					};
					8890E3131C8AAB8E00A7215A = {
						CreatedOnToolsVersion = 7.0.1;
						TestTargetID = 8890E2F41C8AAB8D00A7215A;
					};
				};
			};
			buildConfigurationList = 8890E2F01C8AAB8D00A7215A /* Build configuration list for PBXProject "Contacts" */;
			compatibilityVersion = "Xcode 3.2";
			developmentRegion = English;
			hasScannedForEncodings = 0;
			knownRegions = (
				en,
				Base,
			);
			mainGroup = 8890E2EC1C8AAB8D00A7215A;
			productRefGroup = 8890E2F61C8AAB8D00A7215A /* Products */;
			projectDirPath = "";
			projectRoot = "";
			targets = (
				8890E2F41C8AAB8D00A7215A /* Contacts */,
				8890E3081C8AAB8D00A7215A /* ContactsTests */,
				8890E3131C8AAB8E00A7215A /* ContactsUITests */,
			);
		};
/* End PBXProject section */

/* Begin PBXResourcesBuildPhase section */
		8890E2F31C8AAB8D00A7215A /* Resources */ = {
			isa = PBXResourcesBuildPhase;
			buildActionMask = 2147483647;
			files = (
				8890E3031C8AAB8D00A7215A /* LaunchScreen.storyboard in Resources */,
				8890E3001C8AAB8D00A7215A /* Assets.xcassets in Resources */,
				8890E2FE1C8AAB8D00A7215A /* Main.storyboard in Resources */,
			);
			runOnlyForDeploymentPostprocessing = 0;
		};
		8890E3071C8AAB8D00A7215A /* Resources */ = {
			isa = PBXResourcesBuildPhase;
			buildActionMask = 2147483647;
			files = (
			);
			runOnlyForDeploymentPostprocessing = 0;
		};
		8890E3121C8AAB8E00A7215A /* Resources */ = {
			isa = PBXResourcesBuildPhase;
			buildActionMask = 2147483647;
			files = (
			);
			runOnlyForDeploymentPostprocessing = 0;
		};
/* End PBXResourcesBuildPhase section */

/* Begin PBXSourcesBuildPhase section */
		8890E2F11C8AAB8D00A7215A /* Sources */ = {
			isa = PBXSourcesBuildPhase;
			buildActionMask = 2147483647;
			files = (
				8890E2FB1C8AAB8D00A7215A /* ViewController.swift in Sources */,
				8890E2F91C8AAB8D00A7215A /* AppDelegate.swift in Sources */,
			);
			runOnlyForDeploymentPostprocessing = 0;
		};
		8890E3051C8AAB8D00A7215A /* Sources */ = {
			isa = PBXSourcesBuildPhase;
			buildActionMask = 2147483647;
			files = (
				8890E30E1C8AAB8E00A7215A /* ContactsTests.swift in Sources */,
			);
			runOnlyForDeploymentPostprocessing = 0;
		};
		8890E3101C8AAB8E00A7215A /* Sources */ = {
			isa = PBXSourcesBuildPhase;
			buildActionMask = 2147483647;
			files = (
				8890E3191C8AAB8E00A7215A /* ContactsUITests.swift in Sources */,
			);
			runOnlyForDeploymentPostprocessing = 0;
		};
/* End PBXSourcesBuildPhase section */

/* Begin PBXTargetDependency section */
		8890E30B1C8AAB8E00A7215A /* PBXTargetDependency */ = {
			isa = PBXTargetDependency;
			target = 8890E2F41C8AAB8D00A7215A /* Contacts */;
			targetProxy = 8890E30A1C8AAB8E00A7215A /* PBXContainerItemProxy */;
		};
		8890E3161C8AAB8E00A7215A /* PBXTargetDependency */ = {
			isa = PBXTargetDependency;
			target = 8890E2F41C8AAB8D00A7215A /* Contacts */;
			targetProxy = 8890E3151C8AAB8E00A7215A /* PBXContainerItemProxy */;
		};
/* End PBXTargetDependency section */

/* Begin PBXVariantGroup section */
		8890E2FC1C8AAB8D00A7215A /* Main.storyboard */ = {
			isa = PBXVariantGroup;
			children = (
				8890E2FD1C8AAB8D00A7215A /* Base */,
			);
			name = Main.storyboard;
			sourceTree = "<group>";
		};
		8890E3011C8AAB8D00A7215A /* LaunchScreen.storyboard */ = {
			isa = PBXVariantGroup;
			children = (
				8890E3021C8AAB8D00A7215A /* Base */,
			);
			name = LaunchScreen.storyboard;
			sourceTree = "<group>";
		};
/* End PBXVariantGroup section */

/* Begin XCBuildConfiguration section */
		8890E31B1C8AAB8E00A7215A /* Debug */ = {
			isa = XCBuildConfiguration;
			buildSettings = {
				ALWAYS_SEARCH_USER_PATHS = NO;
				CLANG_CXX_LANGUAGE_STANDARD = "gnu++0x";
				CLANG_CXX_LIBRARY = "libc++";
				CLANG_ENABLE_MODULES = YES;
				CLANG_ENABLE_OBJC_ARC = YES;
				CLANG_WARN_BOOL_CONVERSION = YES;
				CLANG_WARN_CONSTANT_CONVERSION = YES;
				CLANG_WARN_DIRECT_OBJC_ISA_USAGE = YES_ERROR;
				CLANG_WARN_EMPTY_BODY = YES;
				CLANG_WARN_ENUM_CONVERSION = YES;
				CLANG_WARN_INT_CONVERSION = YES;
				CLANG_WARN_OBJC_ROOT_CLASS = YES_ERROR;
				CLANG_WARN_UNREACHABLE_CODE = YES;
				CLANG_WARN__DUPLICATE_METHOD_MATCH = YES;
				"CODE_SIGN_IDENTITY[sdk=iphoneos*]" = "iPhone Developer";
				COPY_PHASE_STRIP = NO;
				DEBUG_INFORMATION_FORMAT = dwarf;
				ENABLE_STRICT_OBJC_MSGSEND = YES;
				ENABLE_TESTABILITY = YES;
				GCC_C_LANGUAGE_STANDARD = gnu99;
				GCC_DYNAMIC_NO_PIC = NO;
				GCC_NO_COMMON_BLOCKS = YES;
				GCC_OPTIMIZATION_LEVEL = 0;
				GCC_PREPROCESSOR_DEFINITIONS = (
					"DEBUG=1",
					"$(inherited)",
				);
				GCC_WARN_64_TO_32_BIT_CONVERSION = YES;
				GCC_WARN_ABOUT_RETURN_TYPE = YES_ERROR;
				GCC_WARN_UNDECLARED_SELECTOR = YES;
				GCC_WARN_UNINITIALIZED_AUTOS = YES_AGGRESSIVE;
				GCC_WARN_UNUSED_FUNCTION = YES;
				GCC_WARN_UNUSED_VARIABLE = YES;
				IPHONEOS_DEPLOYMENT_TARGET = 9.0;
				MTL_ENABLE_DEBUG_INFO = YES;
				ONLY_ACTIVE_ARCH = YES;
				SDKROOT = iphoneos;
				SWIFT_OPTIMIZATION_LEVEL = "-Onone";
				TARGETED_DEVICE_FAMILY = "1,2";
			};
			name = Debug;
		};
		8890E31C1C8AAB8E00A7215A /* Release */ = {
			isa = XCBuildConfiguration;
			buildSettings = {
				ALWAYS_SEARCH_USER_PATHS = NO;
				CLANG_CXX_LANGUAGE_STANDARD = "gnu++0x";
				CLANG_CXX_LIBRARY = "libc++";
				CLANG_ENABLE_MODULES = YES;
				CLANG_ENABLE_OBJC_ARC = YES;
				CLANG_WARN_BOOL_CONVERSION = YES;
				CLANG_WARN_CONSTANT_CONVERSION = YES;
				CLANG_WARN_DIRECT_OBJC_ISA_USAGE = YES_ERROR;
				CLANG_WARN_EMPTY_BODY = YES;
				CLANG_WARN_ENUM_CONVERSION = YES;
				CLANG_WARN_INT_CONVERSION = YES;
				CLANG_WARN_OBJC_ROOT_CLASS = YES_ERROR;
				CLANG_WARN_UNREACHABLE_CODE = YES;
				CLANG_WARN__DUPLICATE_METHOD_MATCH = YES;
				"CODE_SIGN_IDENTITY[sdk=iphoneos*]" = "iPhone Developer";
				COPY_PHASE_STRIP = NO;
				DEBUG_INFORMATION_FORMAT = "dwarf-with-dsym";
				ENABLE_NS_ASSERTIONS = NO;
				ENABLE_STRICT_OBJC_MSGSEND = YES;
				GCC_C_LANGUAGE_STANDARD = gnu99;
				GCC_NO_COMMON_BLOCKS = YES;
				GCC_WARN_64_TO_32_BIT_CONVERSION = YES;
				GCC_WARN_ABOUT_RETURN_TYPE = YES_ERROR;
				GCC_WARN_UNDECLARED_SELECTOR = YES;
				GCC_WARN_UNINITIALIZED_AUTOS = YES_AGGRESSIVE;
				GCC_WARN_UNUSED_FUNCTION = YES;
				GCC_WARN_UNUSED_VARIABLE = YES;
				IPHONEOS_DEPLOYMENT_TARGET = 9.0;
				MTL_ENABLE_DEBUG_INFO = NO;
				SDKROOT = iphoneos;
				TARGETED_DEVICE_FAMILY = "1,2";
				VALIDATE_PRODUCT = YES;
			};
			name = Release;
		};
		8890E31E1C8AAB8E00A7215A /* Debug */ = {
			isa = XCBuildConfiguration;
			buildSettings = {
				ASSETCATALOG_COMPILER_APPICON_NAME = AppIcon;
				INFOPLIST_FILE = Contacts/Info.plist;
				LD_RUNPATH_SEARCH_PATHS = "$(inherited) @executable_path/Frameworks";
				PRODUCT_BUNDLE_IDENTIFIER = hurix.Contacts;
				PRODUCT_NAME = "$(TARGET_NAME)";
			};
			name = Debug;
		};
		8890E31F1C8AAB8E00A7215A /* Release */ = {
			isa = XCBuildConfiguration;
			buildSettings = {
				ASSETCATALOG_COMPILER_APPICON_NAME = AppIcon;
				INFOPLIST_FILE = Contacts/Info.plist;
				LD_RUNPATH_SEARCH_PATHS = "$(inherited) @executable_path/Frameworks";
				PRODUCT_BUNDLE_IDENTIFIER = hurix.Contacts;
				PRODUCT_NAME = "$(TARGET_NAME)";
			};
			name = Release;
		};
		8890E3211C8AAB8E00A7215A /* Debug */ = {
			isa = XCBuildConfiguration;
			buildSettings = {
				BUNDLE_LOADER = "$(TEST_HOST)";
				INFOPLIST_FILE = ContactsTests/Info.plist;
				LD_RUNPATH_SEARCH_PATHS = "$(inherited) @executable_path/Frameworks @loader_path/Frameworks";
				PRODUCT_BUNDLE_IDENTIFIER = hurix.ContactsTests;
				PRODUCT_NAME = "$(TARGET_NAME)";
				TEST_HOST = "$(BUILT_PRODUCTS_DIR)/Contacts.app/Contacts";
			};
			name = Debug;
		};
		8890E3221C8AAB8E00A7215A /* Release */ = {
			isa = XCBuildConfiguration;
			buildSettings = {
				BUNDLE_LOADER = "$(TEST_HOST)";
				INFOPLIST_FILE = ContactsTests/Info.plist;
				LD_RUNPATH_SEARCH_PATHS = "$(inherited) @executable_path/Frameworks @loader_path/Frameworks";
				PRODUCT_BUNDLE_IDENTIFIER = hurix.ContactsTests;
				PRODUCT_NAME = "$(TARGET_NAME)";
				TEST_HOST = "$(BUILT_PRODUCTS_DIR)/Contacts.app/Contacts";
			};
			name = Release;
		};
		8890E3241C8AAB8E00A7215A /* Debug */ = {
			isa = XCBuildConfiguration;
			buildSettings = {
				INFOPLIST_FILE = ContactsUITests/Info.plist;
				LD_RUNPATH_SEARCH_PATHS = "$(inherited) @executable_path/Frameworks @loader_path/Frameworks";
				PRODUCT_BUNDLE_IDENTIFIER = hurix.ContactsUITests;
				PRODUCT_NAME = "$(TARGET_NAME)";
				TEST_TARGET_NAME = Contacts;
				USES_XCTRUNNER = YES;
			};
			name = Debug;
		};
		8890E3251C8AAB8E00A7215A /* Release */ = {
			isa = XCBuildConfiguration;
			buildSettings = {
				INFOPLIST_FILE = ContactsUITests/Info.plist;
				LD_RUNPATH_SEARCH_PATHS = "$(inherited) @executable_path/Frameworks @loader_path/Frameworks";
				PRODUCT_BUNDLE_IDENTIFIER = hurix.ContactsUITests;
				PRODUCT_NAME = "$(TARGET_NAME)";
				TEST_TARGET_NAME = Contacts;
				USES_XCTRUNNER = YES;
			};
			name = Release;
		};
/* End XCBuildConfiguration section */

/* Begin XCConfigurationList section */
		8890E2F01C8AAB8D00A7215A /* Build configuration list for PBXProject "Contacts" */ = {
			isa = XCConfigurationList;
			buildConfigurations = (
				8890E31B1C8AAB8E00A7215A /* Debug */,
				8890E31C1C8AAB8E00A7215A /* Release */,
			);
			defaultConfigurationIsVisible = 0;
			defaultConfigurationName = Release;
		};
		8890E31D1C8AAB8E00A7215A /* Build configuration list for PBXNativeTarget "Contacts" */ = {
			isa = XCConfigurationList;
			buildConfigurations = (
				8890E31E1C8AAB8E00A7215A /* Debug */,
				8890E31F1C8AAB8E00A7215A /* Release */,
			);
			defaultConfigurationIsVisible = 0;
		};
		8890E3201C8AAB8E00A7215A /* Build configuration list for PBXNativeTarget "ContactsTests" */ = {
			isa = XCConfigurationList;
			buildConfigurations = (
				8890E3211C8AAB8E00A7215A /* Debug */,
				8890E3221C8AAB8E00A7215A /* Release */,
			);
			defaultConfigurationIsVisible = 0;
		};
		8890E3231C8AAB8E00A7215A /* Build configuration list for PBXNativeTarget "ContactsUITests" */ = {
			isa = XCConfigurationList;
			buildConfigurations = (
				8890E3241C8AAB8E00A7215A /* Debug */,
				8890E3251C8AAB8E00A7215A /* Release */,
			);
			defaultConfigurationIsVisible = 0;
		};
/* End XCConfigurationList section */
	};
	rootObject = 8890E2ED1C8AAB8D00A7215A /* Project object */;
}
