// !$*UTF8*$!
{
	archiveVersion = 1;
	classes = {
	};
	objectVersion = 46;
	objects = {

/* Begin PBXBuildFile section */
		0AB3AC891CA5728A00EA8D98 /* ProfileViewController.swift in Sources */ = {isa = PBXBuildFile; fileRef = 0AB3AC881CA5728A00EA8D98 /* ProfileViewController.swift */; };
		4C70D84B6DD04A9764EC7665 /* Pods_Contacts.framework in Frameworks */ = {isa = PBXBuildFile; fileRef = C129C5A83A59691B3BD3F7CB /* Pods_Contacts.framework */; };
		8800D4CE1C9B0C460081A777 /* AllCallsCell.swift in Sources */ = {isa = PBXBuildFile; fileRef = 8800D4CC1C9B0C460081A777 /* AllCallsCell.swift */; };
		8800D4CF1C9B0C460081A777 /* AllCallsCell.xib in Resources */ = {isa = PBXBuildFile; fileRef = 8800D4CD1C9B0C460081A777 /* AllCallsCell.xib */; };
		8800D4D11C9B17C70081A777 /* Constants.swift in Sources */ = {isa = PBXBuildFile; fileRef = 8800D4D01C9B17C70081A777 /* Constants.swift */; };
		881489121C9C409B00101DD9 /* TestViewController.m in Sources */ = {isa = PBXBuildFile; fileRef = 881489101C9C409B00101DD9 /* TestViewController.m */; };
		881489131C9C409B00101DD9 /* TestViewController.xib in Resources */ = {isa = PBXBuildFile; fileRef = 881489111C9C409B00101DD9 /* TestViewController.xib */; };
		8817E0D61C93E08500697957 /* UIColor+Category.swift in Sources */ = {isa = PBXBuildFile; fileRef = 8817E0D51C93E08500697957 /* UIColor+Category.swift */; };
		8817E0D81C93E65200697957 /* AddContactsViewController.swift in Sources */ = {isa = PBXBuildFile; fileRef = 8817E0D71C93E65200697957 /* AddContactsViewController.swift */; };
		8817E0DD1C9434BB00697957 /* DataBaseHandler.swift in Sources */ = {isa = PBXBuildFile; fileRef = 8817E0DC1C9434BB00697957 /* DataBaseHandler.swift */; };
		8817E0DF1C9434D500697957 /* AddContactsModel.swift in Sources */ = {isa = PBXBuildFile; fileRef = 8817E0DE1C9434D500697957 /* AddContactsModel.swift */; };
		8817E1201C94416C00697957 /* Contacts.xcdatamodeld in Sources */ = {isa = PBXBuildFile; fileRef = 8817E11E1C94416C00697957 /* Contacts.xcdatamodeld */; };
		8817E1231C9448E900697957 /* Contacts+CoreDataProperties.swift in Sources */ = {isa = PBXBuildFile; fileRef = 8817E1211C9448E900697957 /* Contacts+CoreDataProperties.swift */; };
		8823FD4D1C8ED09400659C42 /* add_contact.png in Resources */ = {isa = PBXBuildFile; fileRef = 8823FD361C8ED09400659C42 /* add_contact.png */; };
		8823FD4E1C8ED09400659C42 /* another_dial.png in Resources */ = {isa = PBXBuildFile; fileRef = 8823FD371C8ED09400659C42 /* another_dial.png */; };
		8823FD4F1C8ED09400659C42 /* call_person.png in Resources */ = {isa = PBXBuildFile; fileRef = 8823FD381C8ED09400659C42 /* call_person.png */; };
		8823FD501C8ED09400659C42 /* contact.jpeg in Resources */ = {isa = PBXBuildFile; fileRef = 8823FD391C8ED09400659C42 /* contact.jpeg */; };
		8823FD511C8ED09400659C42 /* Contact_call.jpeg in Resources */ = {isa = PBXBuildFile; fileRef = 8823FD3A1C8ED09400659C42 /* Contact_call.jpeg */; };
		8823FD521C8ED09400659C42 /* contact_person.png in Resources */ = {isa = PBXBuildFile; fileRef = 8823FD3B1C8ED09400659C42 /* contact_person.png */; };
		8823FD531C8ED09400659C42 /* dropdown_arrow.png in Resources */ = {isa = PBXBuildFile; fileRef = 8823FD3C1C8ED09400659C42 /* dropdown_arrow.png */; };
		8823FD541C8ED09400659C42 /* Edit.png in Resources */ = {isa = PBXBuildFile; fileRef = 8823FD3D1C8ED09400659C42 /* Edit.png */; };
		8823FD551C8ED09400659C42 /* groupicon.png in Resources */ = {isa = PBXBuildFile; fileRef = 8823FD3E1C8ED09400659C42 /* groupicon.png */; };
		8823FD561C8ED09400659C42 /* keypad.png in Resources */ = {isa = PBXBuildFile; fileRef = 8823FD3F1C8ED09400659C42 /* keypad.png */; };
		8823FD571C8ED09400659C42 /* multi_person.jpeg in Resources */ = {isa = PBXBuildFile; fileRef = 8823FD401C8ED09400659C42 /* multi_person.jpeg */; };
		8823FD581C8ED09400659C42 /* multiperson_normal.png in Resources */ = {isa = PBXBuildFile; fileRef = 8823FD411C8ED09400659C42 /* multiperson_normal.png */; };
		8823FD591C8ED09400659C42 /* multiperson_selected.png in Resources */ = {isa = PBXBuildFile; fileRef = 8823FD421C8ED09400659C42 /* multiperson_selected.png */; };
		8823FD5A1C8ED09400659C42 /* overflow.png in Resources */ = {isa = PBXBuildFile; fileRef = 8823FD431C8ED09400659C42 /* overflow.png */; };
		8823FD5B1C8ED09400659C42 /* person.jpeg in Resources */ = {isa = PBXBuildFile; fileRef = 8823FD441C8ED09400659C42 /* person.jpeg */; };
		8823FD5C1C8ED09400659C42 /* person.png in Resources */ = {isa = PBXBuildFile; fileRef = 8823FD451C8ED09400659C42 /* person.png */; };
		8823FD5D1C8ED09400659C42 /* phone.jpeg in Resources */ = {isa = PBXBuildFile; fileRef = 8823FD461C8ED09400659C42 /* phone.jpeg */; };
		8823FD5E1C8ED09400659C42 /* plus.png in Resources */ = {isa = PBXBuildFile; fileRef = 8823FD471C8ED09400659C42 /* plus.png */; };
		8823FD5F1C8ED09400659C42 /* single_normal.png in Resources */ = {isa = PBXBuildFile; fileRef = 8823FD481C8ED09400659C42 /* single_normal.png */; };
		8823FD601C8ED09400659C42 /* single_selected.png in Resources */ = {isa = PBXBuildFile; fileRef = 8823FD491C8ED09400659C42 /* single_selected.png */; };
		8823FD611C8ED09400659C42 /* Star_normal.png in Resources */ = {isa = PBXBuildFile; fileRef = 8823FD4A1C8ED09400659C42 /* Star_normal.png */; };
		8823FD621C8ED09400659C42 /* star_selected.png in Resources */ = {isa = PBXBuildFile; fileRef = 8823FD4B1C8ED09400659C42 /* star_selected.png */; };
		8823FD631C8ED09400659C42 /* VIP_normal.png in Resources */ = {isa = PBXBuildFile; fileRef = 8823FD4C1C8ED09400659C42 /* VIP_normal.png */; };
		88493A391C8DA8D30015F3D1 /* UIFont+Category.swift in Sources */ = {isa = PBXBuildFile; fileRef = 88493A381C8DA8D30015F3D1 /* UIFont+Category.swift */; };
		8849D8EB1C9A808500086B1C /* ContactsCell.swift in Sources */ = {isa = PBXBuildFile; fileRef = 8849D8E91C9A808500086B1C /* ContactsCell.swift */; };
		8849D8EC1C9A808500086B1C /* ContactsCell.xib in Resources */ = {isa = PBXBuildFile; fileRef = 8849D8EA1C9A808500086B1C /* ContactsCell.xib */; };
		8890E2F91C8AAB8D00A7215A /* AppDelegate.swift in Sources */ = {isa = PBXBuildFile; fileRef = 8890E2F81C8AAB8D00A7215A /* AppDelegate.swift */; };
		8890E2FB1C8AAB8D00A7215A /* ViewController.swift in Sources */ = {isa = PBXBuildFile; fileRef = 8890E2FA1C8AAB8D00A7215A /* ViewController.swift */; };
		8890E2FE1C8AAB8D00A7215A /* Main.storyboard in Resources */ = {isa = PBXBuildFile; fileRef = 8890E2FC1C8AAB8D00A7215A /* Main.storyboard */; };
		8890E3001C8AAB8D00A7215A /* Assets.xcassets in Resources */ = {isa = PBXBuildFile; fileRef = 8890E2FF1C8AAB8D00A7215A /* Assets.xcassets */; };
		8890E3031C8AAB8D00A7215A /* LaunchScreen.storyboard in Resources */ = {isa = PBXBuildFile; fileRef = 8890E3011C8AAB8D00A7215A /* LaunchScreen.storyboard */; };
		8890E30E1C8AAB8E00A7215A /* ContactsTests.swift in Sources */ = {isa = PBXBuildFile; fileRef = 8890E30D1C8AAB8E00A7215A /* ContactsTests.swift */; };
		8890E3191C8AAB8E00A7215A /* ContactsUITests.swift in Sources */ = {isa = PBXBuildFile; fileRef = 8890E3181C8AAB8E00A7215A /* ContactsUITests.swift */; };
		8890E3C51C8ACE2900A7215A /* UIView+Category.swift in Sources */ = {isa = PBXBuildFile; fileRef = 8890E3C41C8ACE2900A7215A /* UIView+Category.swift */; };
		88CF6B301CA008700087FF6B /* DisplayViewController.swift in Sources */ = {isa = PBXBuildFile; fileRef = 88CF6B2F1CA008700087FF6B /* DisplayViewController.swift */; };
		88D6DFCF1C991B600075EB08 /* CustomSubView.xib in Resources */ = {isa = PBXBuildFile; fileRef = 88D6DFCE1C991B600075EB08 /* CustomSubView.xib */; };
		88D6DFD11C991E650075EB08 /* CustomSubView.swift in Sources */ = {isa = PBXBuildFile; fileRef = 88D6DFD01C991E650075EB08 /* CustomSubView.swift */; };
		88D6DFD31C9923160075EB08 /* UIButton+Category.swift in Sources */ = {isa = PBXBuildFile; fileRef = 88D6DFD21C9923160075EB08 /* UIButton+Category.swift */; };
		88D6DFDC1C9928600075EB08 /* Contacts.swift in Sources */ = {isa = PBXBuildFile; fileRef = 88D6DFDB1C9928600075EB08 /* Contacts.swift */; };
/* End PBXBuildFile section */

/* Begin PBXContainerItemProxy section */
		8890E30A1C8AAB8E00A7215A /* PBXContainerItemProxy */ = {
			isa = PBXContainerItemProxy;
			containerPortal = 8890E2ED1C8AAB8D00A7215A /* Project object */;
			proxyType = 1;
			remoteGlobalIDString = 8890E2F41C8AAB8D00A7215A;
			remoteInfo = Contacts;
		};
		8890E3151C8AAB8E00A7215A /* PBXContainerItemProxy */ = {
			isa = PBXContainerItemProxy;
			containerPortal = 8890E2ED1C8AAB8D00A7215A /* Project object */;
			proxyType = 1;
			remoteGlobalIDString = 8890E2F41C8AAB8D00A7215A;
			remoteInfo = Contacts;
		};
/* End PBXContainerItemProxy section */

/* Begin PBXFileReference section */
		0AB3AC881CA5728A00EA8D98 /* ProfileViewController.swift */ = {isa = PBXFileReference; fileEncoding = 4; lastKnownFileType = sourcecode.swift; path = ProfileViewController.swift; sourceTree = "<group>"; };
		8800D4CC1C9B0C460081A777 /* AllCallsCell.swift */ = {isa = PBXFileReference; fileEncoding = 4; lastKnownFileType = sourcecode.swift; path = AllCallsCell.swift; sourceTree = "<group>"; };
		8800D4CD1C9B0C460081A777 /* AllCallsCell.xib */ = {isa = PBXFileReference; fileEncoding = 4; lastKnownFileType = file.xib; path = AllCallsCell.xib; sourceTree = "<group>"; };
		8800D4D01C9B17C70081A777 /* Constants.swift */ = {isa = PBXFileReference; fileEncoding = 4; lastKnownFileType = sourcecode.swift; path = Constants.swift; sourceTree = "<group>"; };
		8814890F1C9C409B00101DD9 /* TestViewController.h */ = {isa = PBXFileReference; fileEncoding = 4; lastKnownFileType = sourcecode.c.h; path = TestViewController.h; sourceTree = "<group>"; };
		881489101C9C409B00101DD9 /* TestViewController.m */ = {isa = PBXFileReference; fileEncoding = 4; lastKnownFileType = sourcecode.c.objc; path = TestViewController.m; sourceTree = "<group>"; };
		881489111C9C409B00101DD9 /* TestViewController.xib */ = {isa = PBXFileReference; fileEncoding = 4; lastKnownFileType = file.xib; path = TestViewController.xib; sourceTree = "<group>"; };
		881489141C9C424100101DD9 /* Contacts-Bridging-Header.h */ = {isa = PBXFileReference; fileEncoding = 4; lastKnownFileType = sourcecode.c.h; path = "Contacts-Bridging-Header.h"; sourceTree = "<group>"; };
		8817E0D51C93E08500697957 /* UIColor+Category.swift */ = {isa = PBXFileReference; fileEncoding = 4; lastKnownFileType = sourcecode.swift; path = "UIColor+Category.swift"; sourceTree = "<group>"; };
		8817E0D71C93E65200697957 /* AddContactsViewController.swift */ = {isa = PBXFileReference; fileEncoding = 4; lastKnownFileType = sourcecode.swift; path = AddContactsViewController.swift; sourceTree = "<group>"; };
		8817E0DC1C9434BB00697957 /* DataBaseHandler.swift */ = {isa = PBXFileReference; fileEncoding = 4; lastKnownFileType = sourcecode.swift; path = DataBaseHandler.swift; sourceTree = "<group>"; };
		8817E0DE1C9434D500697957 /* AddContactsModel.swift */ = {isa = PBXFileReference; fileEncoding = 4; lastKnownFileType = sourcecode.swift; path = AddContactsModel.swift; sourceTree = "<group>"; };
		8817E11F1C94416C00697957 /* Contacts.xcdatamodel */ = {isa = PBXFileReference; lastKnownFileType = wrapper.xcdatamodel; path = Contacts.xcdatamodel; sourceTree = "<group>"; };
		8817E1211C9448E900697957 /* Contacts+CoreDataProperties.swift */ = {isa = PBXFileReference; fileEncoding = 4; lastKnownFileType = sourcecode.swift; path = "Contacts+CoreDataProperties.swift"; sourceTree = "<group>"; };
		8823FD361C8ED09400659C42 /* add_contact.png */ = {isa = PBXFileReference; lastKnownFileType = image.png; path = add_contact.png; sourceTree = "<group>"; };
		8823FD371C8ED09400659C42 /* another_dial.png */ = {isa = PBXFileReference; lastKnownFileType = image.png; path = another_dial.png; sourceTree = "<group>"; };
		8823FD381C8ED09400659C42 /* call_person.png */ = {isa = PBXFileReference; lastKnownFileType = image.png; path = call_person.png; sourceTree = "<group>"; };
		8823FD391C8ED09400659C42 /* contact.jpeg */ = {isa = PBXFileReference; lastKnownFileType = image.jpeg; path = contact.jpeg; sourceTree = "<group>"; };
		8823FD3A1C8ED09400659C42 /* Contact_call.jpeg */ = {isa = PBXFileReference; lastKnownFileType = image.jpeg; path = Contact_call.jpeg; sourceTree = "<group>"; };
		8823FD3B1C8ED09400659C42 /* contact_person.png */ = {isa = PBXFileReference; lastKnownFileType = image.png; path = contact_person.png; sourceTree = "<group>"; };
		8823FD3C1C8ED09400659C42 /* dropdown_arrow.png */ = {isa = PBXFileReference; lastKnownFileType = image.png; path = dropdown_arrow.png; sourceTree = "<group>"; };
		8823FD3D1C8ED09400659C42 /* Edit.png */ = {isa = PBXFileReference; lastKnownFileType = image.png; path = Edit.png; sourceTree = "<group>"; };
		8823FD3E1C8ED09400659C42 /* groupicon.png */ = {isa = PBXFileReference; lastKnownFileType = image.png; path = groupicon.png; sourceTree = "<group>"; };
		8823FD3F1C8ED09400659C42 /* keypad.png */ = {isa = PBXFileReference; lastKnownFileType = image.png; path = keypad.png; sourceTree = "<group>"; };
		8823FD401C8ED09400659C42 /* multi_person.jpeg */ = {isa = PBXFileReference; lastKnownFileType = image.jpeg; path = multi_person.jpeg; sourceTree = "<group>"; };
		8823FD411C8ED09400659C42 /* multiperson_normal.png */ = {isa = PBXFileReference; lastKnownFileType = image.png; path = multiperson_normal.png; sourceTree = "<group>"; };
		8823FD421C8ED09400659C42 /* multiperson_selected.png */ = {isa = PBXFileReference; lastKnownFileType = image.png; path = multiperson_selected.png; sourceTree = "<group>"; };
		8823FD431C8ED09400659C42 /* overflow.png */ = {isa = PBXFileReference; lastKnownFileType = image.png; path = overflow.png; sourceTree = "<group>"; };
		8823FD441C8ED09400659C42 /* person.jpeg */ = {isa = PBXFileReference; lastKnownFileType = image.jpeg; path = person.jpeg; sourceTree = "<group>"; };
		8823FD451C8ED09400659C42 /* person.png */ = {isa = PBXFileReference; lastKnownFileType = image.png; path = person.png; sourceTree = "<group>"; };
		8823FD461C8ED09400659C42 /* phone.jpeg */ = {isa = PBXFileReference; lastKnownFileType = image.jpeg; path = phone.jpeg; sourceTree = "<group>"; };
		8823FD471C8ED09400659C42 /* plus.png */ = {isa = PBXFileReference; lastKnownFileType = image.png; path = plus.png; sourceTree = "<group>"; };
		8823FD481C8ED09400659C42 /* single_normal.png */ = {isa = PBXFileReference; lastKnownFileType = image.png; path = single_normal.png; sourceTree = "<group>"; };
		8823FD491C8ED09400659C42 /* single_selected.png */ = {isa = PBXFileReference; lastKnownFileType = image.png; path = single_selected.png; sourceTree = "<group>"; };
		8823FD4A1C8ED09400659C42 /* Star_normal.png */ = {isa = PBXFileReference; lastKnownFileType = image.png; path = Star_normal.png; sourceTree = "<group>"; };
		8823FD4B1C8ED09400659C42 /* star_selected.png */ = {isa = PBXFileReference; lastKnownFileType = image.png; path = star_selected.png; sourceTree = "<group>"; };
		8823FD4C1C8ED09400659C42 /* VIP_normal.png */ = {isa = PBXFileReference; lastKnownFileType = image.png; path = VIP_normal.png; sourceTree = "<group>"; };
		88493A381C8DA8D30015F3D1 /* UIFont+Category.swift */ = {isa = PBXFileReference; fileEncoding = 4; lastKnownFileType = sourcecode.swift; path = "UIFont+Category.swift"; sourceTree = "<group>"; };
		8849D8E91C9A808500086B1C /* ContactsCell.swift */ = {isa = PBXFileReference; fileEncoding = 4; lastKnownFileType = sourcecode.swift; path = ContactsCell.swift; sourceTree = "<group>"; };
		8849D8EA1C9A808500086B1C /* ContactsCell.xib */ = {isa = PBXFileReference; fileEncoding = 4; lastKnownFileType = file.xib; path = ContactsCell.xib; sourceTree = "<group>"; };
		8890E2F51C8AAB8D00A7215A /* Contacts.app */ = {isa = PBXFileReference; explicitFileType = wrapper.application; includeInIndex = 0; path = Contacts.app; sourceTree = BUILT_PRODUCTS_DIR; };
		8890E2F81C8AAB8D00A7215A /* AppDelegate.swift */ = {isa = PBXFileReference; lastKnownFileType = sourcecode.swift; path = AppDelegate.swift; sourceTree = "<group>"; };
		8890E2FA1C8AAB8D00A7215A /* ViewController.swift */ = {isa = PBXFileReference; lastKnownFileType = sourcecode.swift; path = ViewController.swift; sourceTree = "<group>"; };
		8890E2FD1C8AAB8D00A7215A /* Base */ = {isa = PBXFileReference; lastKnownFileType = file.storyboard; name = Base; path = Base.lproj/Main.storyboard; sourceTree = "<group>"; };
		8890E2FF1C8AAB8D00A7215A /* Assets.xcassets */ = {isa = PBXFileReference; lastKnownFileType = folder.assetcatalog; path = Assets.xcassets; sourceTree = "<group>"; };
		8890E3021C8AAB8D00A7215A /* Base */ = {isa = PBXFileReference; lastKnownFileType = file.storyboard; name = Base; path = Base.lproj/LaunchScreen.storyboard; sourceTree = "<group>"; };
		8890E3041C8AAB8D00A7215A /* Info.plist */ = {isa = PBXFileReference; lastKnownFileType = text.plist.xml; path = Info.plist; sourceTree = "<group>"; };
		8890E3091C8AAB8D00A7215A /* ContactsTests.xctest */ = {isa = PBXFileReference; explicitFileType = wrapper.cfbundle; includeInIndex = 0; path = ContactsTests.xctest; sourceTree = BUILT_PRODUCTS_DIR; };
		8890E30D1C8AAB8E00A7215A /* ContactsTests.swift */ = {isa = PBXFileReference; lastKnownFileType = sourcecode.swift; path = ContactsTests.swift; sourceTree = "<group>"; };
		8890E30F1C8AAB8E00A7215A /* Info.plist */ = {isa = PBXFileReference; lastKnownFileType = text.plist.xml; path = Info.plist; sourceTree = "<group>"; };
		8890E3141C8AAB8E00A7215A /* ContactsUITests.xctest */ = {isa = PBXFileReference; explicitFileType = wrapper.cfbundle; includeInIndex = 0; path = ContactsUITests.xctest; sourceTree = BUILT_PRODUCTS_DIR; };
		8890E3181C8AAB8E00A7215A /* ContactsUITests.swift */ = {isa = PBXFileReference; lastKnownFileType = sourcecode.swift; path = ContactsUITests.swift; sourceTree = "<group>"; };
		8890E31A1C8AAB8E00A7215A /* Info.plist */ = {isa = PBXFileReference; lastKnownFileType = text.plist.xml; path = Info.plist; sourceTree = "<group>"; };
		8890E3C41C8ACE2900A7215A /* UIView+Category.swift */ = {isa = PBXFileReference; fileEncoding = 4; lastKnownFileType = sourcecode.swift; path = "UIView+Category.swift"; sourceTree = "<group>"; };
		88CF6B2F1CA008700087FF6B /* DisplayViewController.swift */ = {isa = PBXFileReference; fileEncoding = 4; lastKnownFileType = sourcecode.swift; path = DisplayViewController.swift; sourceTree = "<group>"; };
		88D6DFCE1C991B600075EB08 /* CustomSubView.xib */ = {isa = PBXFileReference; fileEncoding = 4; lastKnownFileType = file.xib; path = CustomSubView.xib; sourceTree = "<group>"; };
		88D6DFD01C991E650075EB08 /* CustomSubView.swift */ = {isa = PBXFileReference; fileEncoding = 4; lastKnownFileType = sourcecode.swift; path = CustomSubView.swift; sourceTree = "<group>"; };
		88D6DFD21C9923160075EB08 /* UIButton+Category.swift */ = {isa = PBXFileReference; fileEncoding = 4; lastKnownFileType = sourcecode.swift; path = "UIButton+Category.swift"; sourceTree = "<group>"; };
		88D6DFDB1C9928600075EB08 /* Contacts.swift */ = {isa = PBXFileReference; fileEncoding = 4; lastKnownFileType = sourcecode.swift; path = Contacts.swift; sourceTree = "<group>"; };
		C129C5A83A59691B3BD3F7CB /* Pods_Contacts.framework */ = {isa = PBXFileReference; explicitFileType = wrapper.framework; includeInIndex = 0; path = Pods_Contacts.framework; sourceTree = BUILT_PRODUCTS_DIR; };
		E5B9DE548278F313EA7FDC83 /* Pods-Contacts.debug.xcconfig */ = {isa = PBXFileReference; includeInIndex = 1; lastKnownFileType = text.xcconfig; name = "Pods-Contacts.debug.xcconfig"; path = "Pods/Target Support Files/Pods-Contacts/Pods-Contacts.debug.xcconfig"; sourceTree = "<group>"; };
		E9CF4ED34E7C61C0F122220C /* Pods-Contacts.release.xcconfig */ = {isa = PBXFileReference; includeInIndex = 1; lastKnownFileType = text.xcconfig; name = "Pods-Contacts.release.xcconfig"; path = "Pods/Target Support Files/Pods-Contacts/Pods-Contacts.release.xcconfig"; sourceTree = "<group>"; };
/* End PBXFileReference section */

/* Begin PBXFrameworksBuildPhase section */
		8890E2F21C8AAB8D00A7215A /* Frameworks */ = {
			isa = PBXFrameworksBuildPhase;
			buildActionMask = 2147483647;
			files = (
				4C70D84B6DD04A9764EC7665 /* Pods_Contacts.framework in Frameworks */,
			);
			runOnlyForDeploymentPostprocessing = 0;
		};
		8890E3061C8AAB8D00A7215A /* Frameworks */ = {
			isa = PBXFrameworksBuildPhase;
			buildActionMask = 2147483647;
			files = (
			);
			runOnlyForDeploymentPostprocessing = 0;
		};
		8890E3111C8AAB8E00A7215A /* Frameworks */ = {
			isa = PBXFrameworksBuildPhase;
			buildActionMask = 2147483647;
			files = (
			);
			runOnlyForDeploymentPostprocessing = 0;
		};
/* End PBXFrameworksBuildPhase section */

/* Begin PBXGroup section */
		198E0E3D642D6E374A28956E /* Pods */ = {
			isa = PBXGroup;
			children = (
				E5B9DE548278F313EA7FDC83 /* Pods-Contacts.debug.xcconfig */,
				E9CF4ED34E7C61C0F122220C /* Pods-Contacts.release.xcconfig */,
			);
			name = Pods;
			sourceTree = "<group>";
		};
		4A243C5AA4AADF260865E4B6 /* Frameworks */ = {
			isa = PBXGroup;
			children = (
				C129C5A83A59691B3BD3F7CB /* Pods_Contacts.framework */,
			);
			name = Frameworks;
			sourceTree = "<group>";
		};
		881489151C9C48C700101DD9 /* ExtraController */ = {
			isa = PBXGroup;
			children = (
				8814890F1C9C409B00101DD9 /* TestViewController.h */,
				881489101C9C409B00101DD9 /* TestViewController.m */,
				881489111C9C409B00101DD9 /* TestViewController.xib */,
			);
			name = ExtraController;
			sourceTree = "<group>";
		};
		8817E0DB1C94348A00697957 /* Model */ = {
			isa = PBXGroup;
			children = (
				8817E0DE1C9434D500697957 /* AddContactsModel.swift */,
				8817E0DC1C9434BB00697957 /* DataBaseHandler.swift */,
				88D6DFD01C991E650075EB08 /* CustomSubView.swift */,
				8800D4CC1C9B0C460081A777 /* AllCallsCell.swift */,
				8849D8E91C9A808500086B1C /* ContactsCell.swift */,
			);
			name = Model;
			sourceTree = "<group>";
		};
		8817E11D1C94411D00697957 /* Database */ = {
			isa = PBXGroup;
			children = (
				8817E11E1C94416C00697957 /* Contacts.xcdatamodeld */,
				88D6DFDB1C9928600075EB08 /* Contacts.swift */,
				8817E1211C9448E900697957 /* Contacts+CoreDataProperties.swift */,
			);
			name = Database;
			sourceTree = "<group>";
		};
		8823FD351C8ED09400659C42 /* Images */ = {
			isa = PBXGroup;
			children = (
				8823FD361C8ED09400659C42 /* add_contact.png */,
				8823FD371C8ED09400659C42 /* another_dial.png */,
				8823FD381C8ED09400659C42 /* call_person.png */,
				8823FD391C8ED09400659C42 /* contact.jpeg */,
				8823FD3A1C8ED09400659C42 /* Contact_call.jpeg */,
				8823FD3B1C8ED09400659C42 /* contact_person.png */,
				8823FD3C1C8ED09400659C42 /* dropdown_arrow.png */,
				8823FD3D1C8ED09400659C42 /* Edit.png */,
				8823FD3E1C8ED09400659C42 /* groupicon.png */,
				8823FD3F1C8ED09400659C42 /* keypad.png */,
				8823FD401C8ED09400659C42 /* multi_person.jpeg */,
				8823FD411C8ED09400659C42 /* multiperson_normal.png */,
				8823FD421C8ED09400659C42 /* multiperson_selected.png */,
				8823FD431C8ED09400659C42 /* overflow.png */,
				8823FD441C8ED09400659C42 /* person.jpeg */,
				8823FD451C8ED09400659C42 /* person.png */,
				8823FD461C8ED09400659C42 /* phone.jpeg */,
				8823FD471C8ED09400659C42 /* plus.png */,
				8823FD481C8ED09400659C42 /* single_normal.png */,
				8823FD491C8ED09400659C42 /* single_selected.png */,
				8823FD4A1C8ED09400659C42 /* Star_normal.png */,
				8823FD4B1C8ED09400659C42 /* star_selected.png */,
				8823FD4C1C8ED09400659C42 /* VIP_normal.png */,
			);
			path = Images;
			sourceTree = "<group>";
		};
		8890E2EC1C8AAB8D00A7215A = {
			isa = PBXGroup;
			children = (
				881489141C9C424100101DD9 /* Contacts-Bridging-Header.h */,
				8890E2F71C8AAB8D00A7215A /* Contacts */,
				8890E30C1C8AAB8E00A7215A /* ContactsTests */,
				8890E3171C8AAB8E00A7215A /* ContactsUITests */,
				8890E2F61C8AAB8D00A7215A /* Products */,
				198E0E3D642D6E374A28956E /* Pods */,
				4A243C5AA4AADF260865E4B6 /* Frameworks */,
			);
			sourceTree = "<group>";
		};
		8890E2F61C8AAB8D00A7215A /* Products */ = {
			isa = PBXGroup;
			children = (
				8890E2F51C8AAB8D00A7215A /* Contacts.app */,
				8890E3091C8AAB8D00A7215A /* ContactsTests.xctest */,
				8890E3141C8AAB8E00A7215A /* ContactsUITests.xctest */,
			);
			name = Products;
			sourceTree = "<group>";
		};
		8890E2F71C8AAB8D00A7215A /* Contacts */ = {
			isa = PBXGroup;
			children = (
				88D6DFD61C99271B0075EB08 /* Constants */,
				8817E11D1C94411D00697957 /* Database */,
				8817E0DB1C94348A00697957 /* Model */,
				8890E3C61C8ACE3500A7215A /* Helper */,
				8890E3281C8ABD1500A7215A /* View */,
				8890E3271C8ABCFB00A7215A /* Controller */,
				8890E3261C8ABCE700A7215A /* App delegate */,
				8890E32A1C8ABD2E00A7215A /* Supporting files */,
			);
			path = Contacts;
			sourceTree = "<group>";
		};
		8890E30C1C8AAB8E00A7215A /* ContactsTests */ = {
			isa = PBXGroup;
			children = (
				8890E30D1C8AAB8E00A7215A /* ContactsTests.swift */,
				8890E30F1C8AAB8E00A7215A /* Info.plist */,
			);
			path = ContactsTests;
			sourceTree = "<group>";
		};
		8890E3171C8AAB8E00A7215A /* ContactsUITests */ = {
			isa = PBXGroup;
			children = (
				8890E3181C8AAB8E00A7215A /* ContactsUITests.swift */,
				8890E31A1C8AAB8E00A7215A /* Info.plist */,
			);
			path = ContactsUITests;
			sourceTree = "<group>";
		};
		8890E3261C8ABCE700A7215A /* App delegate */ = {
			isa = PBXGroup;
			children = (
				8890E2F81C8AAB8D00A7215A /* AppDelegate.swift */,
			);
			name = "App delegate";
			sourceTree = "<group>";
		};
		8890E3271C8ABCFB00A7215A /* Controller */ = {
			isa = PBXGroup;
			children = (
				8890E2FA1C8AAB8D00A7215A /* ViewController.swift */,
				8817E0D71C93E65200697957 /* AddContactsViewController.swift */,
				88CF6B2F1CA008700087FF6B /* DisplayViewController.swift */,
				0AB3AC881CA5728A00EA8D98 /* ProfileViewController.swift */,
				881489151C9C48C700101DD9 /* ExtraController */,
			);
			name = Controller;
			sourceTree = "<group>";
		};
		8890E3281C8ABD1500A7215A /* View */ = {
			isa = PBXGroup;
			children = (
				8890E3011C8AAB8D00A7215A /* LaunchScreen.storyboard */,
				8890E2FC1C8AAB8D00A7215A /* Main.storyboard */,
				88D6DFCE1C991B600075EB08 /* CustomSubView.xib */,
				8800D4CD1C9B0C460081A777 /* AllCallsCell.xib */,
				8849D8EA1C9A808500086B1C /* ContactsCell.xib */,
			);
			name = View;
			sourceTree = "<group>";
		};
		8890E32A1C8ABD2E00A7215A /* Supporting files */ = {
			isa = PBXGroup;
			children = (
				8823FD351C8ED09400659C42 /* Images */,
				8890E2FF1C8AAB8D00A7215A /* Assets.xcassets */,
				8890E3041C8AAB8D00A7215A /* Info.plist */,
			);
			name = "Supporting files";
			sourceTree = "<group>";
		};
		8890E3C61C8ACE3500A7215A /* Helper */ = {
			isa = PBXGroup;
			children = (
				8890E3C41C8ACE2900A7215A /* UIView+Category.swift */,
				88493A381C8DA8D30015F3D1 /* UIFont+Category.swift */,
				8817E0D51C93E08500697957 /* UIColor+Category.swift */,
				88D6DFD21C9923160075EB08 /* UIButton+Category.swift */,
			);
			name = Helper;
			sourceTree = "<group>";
		};
		88D6DFD61C99271B0075EB08 /* Constants */ = {
			isa = PBXGroup;
			children = (
				8800D4D01C9B17C70081A777 /* Constants.swift */,
			);
			name = Constants;
			sourceTree = "<group>";
		};
/* End PBXGroup section */

/* Begin PBXNativeTarget section */
		8890E2F41C8AAB8D00A7215A /* Contacts */ = {
			isa = PBXNativeTarget;
			buildConfigurationList = 8890E31D1C8AAB8E00A7215A /* Build configuration list for PBXNativeTarget "Contacts" */;
			buildPhases = (
				23C7C386B20159351F2B4135 /* Check Pods Manifest.lock */,
				8890E2F11C8AAB8D00A7215A /* Sources */,
				8890E2F21C8AAB8D00A7215A /* Frameworks */,
				8890E2F31C8AAB8D00A7215A /* Resources */,
				6A0C8B586B2192ECDDDD0A80 /* Embed Pods Frameworks */,
				ECEA52CE93FF8F71F1E734C5 /* Copy Pods Resources */,
			);
			buildRules = (
			);
			dependencies = (
			);
			name = Contacts;
			productName = Contacts;
			productReference = 8890E2F51C8AAB8D00A7215A /* Contacts.app */;
			productType = "com.apple.product-type.application";
		};
		8890E3081C8AAB8D00A7215A /* ContactsTests */ = {
			isa = PBXNativeTarget;
			buildConfigurationList = 8890E3201C8AAB8E00A7215A /* Build configuration list for PBXNativeTarget "ContactsTests" */;
			buildPhases = (
				8890E3051C8AAB8D00A7215A /* Sources */,
				8890E3061C8AAB8D00A7215A /* Frameworks */,
				8890E3071C8AAB8D00A7215A /* Resources */,
			);
			buildRules = (
			);
			dependencies = (
				8890E30B1C8AAB8E00A7215A /* PBXTargetDependency */,
			);
			name = ContactsTests;
			productName = ContactsTests;
			productReference = 8890E3091C8AAB8D00A7215A /* ContactsTests.xctest */;
			productType = "com.apple.product-type.bundle.unit-test";
		};
		8890E3131C8AAB8E00A7215A /* ContactsUITests */ = {
			isa = PBXNativeTarget;
			buildConfigurationList = 8890E3231C8AAB8E00A7215A /* Build configuration list for PBXNativeTarget "ContactsUITests" */;
			buildPhases = (
				8890E3101C8AAB8E00A7215A /* Sources */,
				8890E3111C8AAB8E00A7215A /* Frameworks */,
				8890E3121C8AAB8E00A7215A /* Resources */,
			);
			buildRules = (
			);
			dependencies = (
				8890E3161C8AAB8E00A7215A /* PBXTargetDependency */,
			);
			name = ContactsUITests;
			productName = ContactsUITests;
			productReference = 8890E3141C8AAB8E00A7215A /* ContactsUITests.xctest */;
			productType = "com.apple.product-type.bundle.ui-testing";
		};
/* End PBXNativeTarget section */

/* Begin PBXProject section */
		8890E2ED1C8AAB8D00A7215A /* Project object */ = {
			isa = PBXProject;
			attributes = {
				LastSwiftUpdateCheck = 0700;
				LastUpgradeCheck = 0700;
				ORGANIZATIONNAME = "Anusha Patil";
				TargetAttributes = {
					8890E2F41C8AAB8D00A7215A = {
						CreatedOnToolsVersion = 7.0.1;
					};
					8890E3081C8AAB8D00A7215A = {
						CreatedOnToolsVersion = 7.0.1;
						TestTargetID = 8890E2F41C8AAB8D00A7215A;
					};
					8890E3131C8AAB8E00A7215A = {
						CreatedOnToolsVersion = 7.0.1;
						TestTargetID = 8890E2F41C8AAB8D00A7215A;
					};
				};
			};
			buildConfigurationList = 8890E2F01C8AAB8D00A7215A /* Build configuration list for PBXProject "Contacts" */;
			compatibilityVersion = "Xcode 3.2";
			developmentRegion = English;
			hasScannedForEncodings = 0;
			knownRegions = (
				en,
				Base,
			);
			mainGroup = 8890E2EC1C8AAB8D00A7215A;
			productRefGroup = 8890E2F61C8AAB8D00A7215A /* Products */;
			projectDirPath = "";
			projectRoot = "";
			targets = (
				8890E2F41C8AAB8D00A7215A /* Contacts */,
				8890E3081C8AAB8D00A7215A /* ContactsTests */,
				8890E3131C8AAB8E00A7215A /* ContactsUITests */,
			);
		};
/* End PBXProject section */

/* Begin PBXResourcesBuildPhase section */
		8890E2F31C8AAB8D00A7215A /* Resources */ = {
			isa = PBXResourcesBuildPhase;
			buildActionMask = 2147483647;
			files = (
				8800D4CF1C9B0C460081A777 /* AllCallsCell.xib in Resources */,
				8890E3031C8AAB8D00A7215A /* LaunchScreen.storyboard in Resources */,
				8823FD521C8ED09400659C42 /* contact_person.png in Resources */,
				8890E3001C8AAB8D00A7215A /* Assets.xcassets in Resources */,
				8823FD4D1C8ED09400659C42 /* add_contact.png in Resources */,
				8823FD541C8ED09400659C42 /* Edit.png in Resources */,
				881489131C9C409B00101DD9 /* TestViewController.xib in Resources */,
				8823FD571C8ED09400659C42 /* multi_person.jpeg in Resources */,
				8823FD5F1C8ED09400659C42 /* single_normal.png in Resources */,
				88D6DFCF1C991B600075EB08 /* CustomSubView.xib in Resources */,
				8823FD551C8ED09400659C42 /* groupicon.png in Resources */,
				8823FD631C8ED09400659C42 /* VIP_normal.png in Resources */,
				8823FD611C8ED09400659C42 /* Star_normal.png in Resources */,
				8823FD591C8ED09400659C42 /* multiperson_selected.png in Resources */,
				8823FD601C8ED09400659C42 /* single_selected.png in Resources */,
				8823FD4F1C8ED09400659C42 /* call_person.png in Resources */,
				8823FD5A1C8ED09400659C42 /* overflow.png in Resources */,
				8823FD5D1C8ED09400659C42 /* phone.jpeg in Resources */,
				8823FD5C1C8ED09400659C42 /* person.png in Resources */,
				8823FD561C8ED09400659C42 /* keypad.png in Resources */,
				8823FD621C8ED09400659C42 /* star_selected.png in Resources */,
				8823FD4E1C8ED09400659C42 /* another_dial.png in Resources */,
				8849D8EC1C9A808500086B1C /* ContactsCell.xib in Resources */,
				8823FD501C8ED09400659C42 /* contact.jpeg in Resources */,
				8823FD581C8ED09400659C42 /* multiperson_normal.png in Resources */,
				8823FD531C8ED09400659C42 /* dropdown_arrow.png in Resources */,
				8823FD5E1C8ED09400659C42 /* plus.png in Resources */,
				8823FD511C8ED09400659C42 /* Contact_call.jpeg in Resources */,
				8823FD5B1C8ED09400659C42 /* person.jpeg in Resources */,
				8890E2FE1C8AAB8D00A7215A /* Main.storyboard in Resources */,
			);
			runOnlyForDeploymentPostprocessing = 0;
		};
		8890E3071C8AAB8D00A7215A /* Resources */ = {
			isa = PBXResourcesBuildPhase;
			buildActionMask = 2147483647;
			files = (
			);
			runOnlyForDeploymentPostprocessing = 0;
		};
		8890E3121C8AAB8E00A7215A /* Resources */ = {
			isa = PBXResourcesBuildPhase;
			buildActionMask = 2147483647;
			files = (
			);
			runOnlyForDeploymentPostprocessing = 0;
		};
/* End PBXResourcesBuildPhase section */

/* Begin PBXShellScriptBuildPhase section */
		23C7C386B20159351F2B4135 /* Check Pods Manifest.lock */ = {
			isa = PBXShellScriptBuildPhase;
			buildActionMask = 2147483647;
			files = (
			);
			inputPaths = (
			);
			name = "Check Pods Manifest.lock";
			outputPaths = (
			);
			runOnlyForDeploymentPostprocessing = 0;
			shellPath = /bin/sh;
			shellScript = "diff \"${PODS_ROOT}/../Podfile.lock\" \"${PODS_ROOT}/Manifest.lock\" > /dev/null\nif [[ $? != 0 ]] ; then\n    cat << EOM\nerror: The sandbox is not in sync with the Podfile.lock. Run 'pod install' or update your CocoaPods installation.\nEOM\n    exit 1\nfi\n";
			showEnvVarsInLog = 0;
		};
		6A0C8B586B2192ECDDDD0A80 /* Embed Pods Frameworks */ = {
			isa = PBXShellScriptBuildPhase;
			buildActionMask = 2147483647;
			files = (
			);
			inputPaths = (
			);
			name = "Embed Pods Frameworks";
			outputPaths = (
			);
			runOnlyForDeploymentPostprocessing = 0;
			shellPath = /bin/sh;
			shellScript = "\"${SRCROOT}/Pods/Target Support Files/Pods-Contacts/Pods-Contacts-frameworks.sh\"\n";
			showEnvVarsInLog = 0;
		};
		ECEA52CE93FF8F71F1E734C5 /* Copy Pods Resources */ = {
			isa = PBXShellScriptBuildPhase;
			buildActionMask = 2147483647;
			files = (
			);
			inputPaths = (
			);
			name = "Copy Pods Resources";
			outputPaths = (
			);
			runOnlyForDeploymentPostprocessing = 0;
			shellPath = /bin/sh;
			shellScript = "\"${SRCROOT}/Pods/Target Support Files/Pods-Contacts/Pods-Contacts-resources.sh\"\n";
			showEnvVarsInLog = 0;
		};
/* End PBXShellScriptBuildPhase section */

/* Begin PBXSourcesBuildPhase section */
		8890E2F11C8AAB8D00A7215A /* Sources */ = {
			isa = PBXSourcesBuildPhase;
			buildActionMask = 2147483647;
			files = (
				88D6DFD31C9923160075EB08 /* UIButton+Category.swift in Sources */,
				8817E0D61C93E08500697957 /* UIColor+Category.swift in Sources */,
				8890E2FB1C8AAB8D00A7215A /* ViewController.swift in Sources */,
				8817E0DF1C9434D500697957 /* AddContactsModel.swift in Sources */,
				8890E2F91C8AAB8D00A7215A /* AppDelegate.swift in Sources */,
				8800D4CE1C9B0C460081A777 /* AllCallsCell.swift in Sources */,
				8817E0D81C93E65200697957 /* AddContactsViewController.swift in Sources */,
				88CF6B301CA008700087FF6B /* DisplayViewController.swift in Sources */,
				8800D4D11C9B17C70081A777 /* Constants.swift in Sources */,
				0AB3AC891CA5728A00EA8D98 /* ProfileViewController.swift in Sources */,
				8849D8EB1C9A808500086B1C /* ContactsCell.swift in Sources */,
				88493A391C8DA8D30015F3D1 /* UIFont+Category.swift in Sources */,
				88D6DFD11C991E650075EB08 /* CustomSubView.swift in Sources */,
				8890E3C51C8ACE2900A7215A /* UIView+Category.swift in Sources */,
				881489121C9C409B00101DD9 /* TestViewController.m in Sources */,
				8817E0DD1C9434BB00697957 /* DataBaseHandler.swift in Sources */,
				8817E1231C9448E900697957 /* Contacts+CoreDataProperties.swift in Sources */,
				8817E1201C94416C00697957 /* Contacts.xcdatamodeld in Sources */,
				88D6DFDC1C9928600075EB08 /* Contacts.swift in Sources */,
			);
			runOnlyForDeploymentPostprocessing = 0;
		};
		8890E3051C8AAB8D00A7215A /* Sources */ = {
			isa = PBXSourcesBuildPhase;
			buildActionMask = 2147483647;
			files = (
				8890E30E1C8AAB8E00A7215A /* ContactsTests.swift in Sources */,
			);
			runOnlyForDeploymentPostprocessing = 0;
		};
		8890E3101C8AAB8E00A7215A /* Sources */ = {
			isa = PBXSourcesBuildPhase;
			buildActionMask = 2147483647;
			files = (
				8890E3191C8AAB8E00A7215A /* ContactsUITests.swift in Sources */,
			);
			runOnlyForDeploymentPostprocessing = 0;
		};
/* End PBXSourcesBuildPhase section */

/* Begin PBXTargetDependency section */
		8890E30B1C8AAB8E00A7215A /* PBXTargetDependency */ = {
			isa = PBXTargetDependency;
			target = 8890E2F41C8AAB8D00A7215A /* Contacts */;
			targetProxy = 8890E30A1C8AAB8E00A7215A /* PBXContainerItemProxy */;
		};
		8890E3161C8AAB8E00A7215A /* PBXTargetDependency */ = {
			isa = PBXTargetDependency;
			target = 8890E2F41C8AAB8D00A7215A /* Contacts */;
			targetProxy = 8890E3151C8AAB8E00A7215A /* PBXContainerItemProxy */;
		};
/* End PBXTargetDependency section */

/* Begin PBXVariantGroup section */
		8890E2FC1C8AAB8D00A7215A /* Main.storyboard */ = {
			isa = PBXVariantGroup;
			children = (
				8890E2FD1C8AAB8D00A7215A /* Base */,
			);
			name = Main.storyboard;
			sourceTree = "<group>";
		};
		8890E3011C8AAB8D00A7215A /* LaunchScreen.storyboard */ = {
			isa = PBXVariantGroup;
			children = (
				8890E3021C8AAB8D00A7215A /* Base */,
			);
			name = LaunchScreen.storyboard;
			sourceTree = "<group>";
		};
/* End PBXVariantGroup section */

/* Begin XCBuildConfiguration section */
		8890E31B1C8AAB8E00A7215A /* Debug */ = {
			isa = XCBuildConfiguration;
			buildSettings = {
				ALWAYS_SEARCH_USER_PATHS = NO;
				CLANG_CXX_LANGUAGE_STANDARD = "gnu++0x";
				CLANG_CXX_LIBRARY = "libc++";
				CLANG_ENABLE_MODULES = YES;
				CLANG_ENABLE_OBJC_ARC = YES;
				CLANG_WARN_BOOL_CONVERSION = YES;
				CLANG_WARN_CONSTANT_CONVERSION = YES;
				CLANG_WARN_DIRECT_OBJC_ISA_USAGE = YES_ERROR;
				CLANG_WARN_EMPTY_BODY = YES;
				CLANG_WARN_ENUM_CONVERSION = YES;
				CLANG_WARN_INT_CONVERSION = YES;
				CLANG_WARN_OBJC_ROOT_CLASS = YES_ERROR;
				CLANG_WARN_UNREACHABLE_CODE = YES;
				CLANG_WARN__DUPLICATE_METHOD_MATCH = YES;
				"CODE_SIGN_IDENTITY[sdk=iphoneos*]" = "iPhone Developer";
				COPY_PHASE_STRIP = NO;
				DEBUG_INFORMATION_FORMAT = dwarf;
				ENABLE_STRICT_OBJC_MSGSEND = YES;
				ENABLE_TESTABILITY = YES;
				GCC_C_LANGUAGE_STANDARD = gnu99;
				GCC_DYNAMIC_NO_PIC = NO;
				GCC_NO_COMMON_BLOCKS = YES;
				GCC_OPTIMIZATION_LEVEL = 0;
				GCC_PREPROCESSOR_DEFINITIONS = (
					"DEBUG=1",
					"$(inherited)",
				);
				GCC_WARN_64_TO_32_BIT_CONVERSION = YES;
				GCC_WARN_ABOUT_RETURN_TYPE = YES_ERROR;
				GCC_WARN_UNDECLARED_SELECTOR = YES;
				GCC_WARN_UNINITIALIZED_AUTOS = YES_AGGRESSIVE;
				GCC_WARN_UNUSED_FUNCTION = YES;
				GCC_WARN_UNUSED_VARIABLE = YES;
				IPHONEOS_DEPLOYMENT_TARGET = 9.0;
				MTL_ENABLE_DEBUG_INFO = YES;
				ONLY_ACTIVE_ARCH = YES;
				SDKROOT = iphoneos;
				SWIFT_OPTIMIZATION_LEVEL = "-Onone";
				TARGETED_DEVICE_FAMILY = "1,2";
			};
			name = Debug;
		};
		8890E31C1C8AAB8E00A7215A /* Release */ = {
			isa = XCBuildConfiguration;
			buildSettings = {
				ALWAYS_SEARCH_USER_PATHS = NO;
				CLANG_CXX_LANGUAGE_STANDARD = "gnu++0x";
				CLANG_CXX_LIBRARY = "libc++";
				CLANG_ENABLE_MODULES = YES;
				CLANG_ENABLE_OBJC_ARC = YES;
				CLANG_WARN_BOOL_CONVERSION = YES;
				CLANG_WARN_CONSTANT_CONVERSION = YES;
				CLANG_WARN_DIRECT_OBJC_ISA_USAGE = YES_ERROR;
				CLANG_WARN_EMPTY_BODY = YES;
				CLANG_WARN_ENUM_CONVERSION = YES;
				CLANG_WARN_INT_CONVERSION = YES;
				CLANG_WARN_OBJC_ROOT_CLASS = YES_ERROR;
				CLANG_WARN_UNREACHABLE_CODE = YES;
				CLANG_WARN__DUPLICATE_METHOD_MATCH = YES;
				"CODE_SIGN_IDENTITY[sdk=iphoneos*]" = "iPhone Developer";
				COPY_PHASE_STRIP = NO;
				DEBUG_INFORMATION_FORMAT = "dwarf-with-dsym";
				ENABLE_NS_ASSERTIONS = NO;
				ENABLE_STRICT_OBJC_MSGSEND = YES;
				GCC_C_LANGUAGE_STANDARD = gnu99;
				GCC_NO_COMMON_BLOCKS = YES;
				GCC_WARN_64_TO_32_BIT_CONVERSION = YES;
				GCC_WARN_ABOUT_RETURN_TYPE = YES_ERROR;
				GCC_WARN_UNDECLARED_SELECTOR = YES;
				GCC_WARN_UNINITIALIZED_AUTOS = YES_AGGRESSIVE;
				GCC_WARN_UNUSED_FUNCTION = YES;
				GCC_WARN_UNUSED_VARIABLE = YES;
				IPHONEOS_DEPLOYMENT_TARGET = 9.0;
				MTL_ENABLE_DEBUG_INFO = NO;
				SDKROOT = iphoneos;
				TARGETED_DEVICE_FAMILY = "1,2";
				VALIDATE_PRODUCT = YES;
			};
			name = Release;
		};
		8890E31E1C8AAB8E00A7215A /* Debug */ = {
			isa = XCBuildConfiguration;
			baseConfigurationReference = E5B9DE548278F313EA7FDC83 /* Pods-Contacts.debug.xcconfig */;
			buildSettings = {
				ASSETCATALOG_COMPILER_APPICON_NAME = AppIcon;
				CLANG_ENABLE_MODULES = YES;
				INFOPLIST_FILE = Contacts/Info.plist;
				IPHONEOS_DEPLOYMENT_TARGET = 9.0;
				LD_RUNPATH_SEARCH_PATHS = "$(inherited) @executable_path/Frameworks";
				OTHER_LDFLAGS = "-ObjC";
				PRODUCT_BUNDLE_IDENTIFIER = hurix.Contacts;
				PRODUCT_NAME = "$(TARGET_NAME)";
				SWIFT_OBJC_BRIDGING_HEADER = "Contacts-Bridging-Header.h";
				SWIFT_OPTIMIZATION_LEVEL = "-Onone";
				USER_HEADER_SEARCH_PATHS = "";
			};
			name = Debug;
		};
		8890E31F1C8AAB8E00A7215A /* Release */ = {
			isa = XCBuildConfiguration;
			baseConfigurationReference = E9CF4ED34E7C61C0F122220C /* Pods-Contacts.release.xcconfig */;
			buildSettings = {
				ASSETCATALOG_COMPILER_APPICON_NAME = AppIcon;
				CLANG_ENABLE_MODULES = YES;
				INFOPLIST_FILE = Contacts/Info.plist;
				IPHONEOS_DEPLOYMENT_TARGET = 9.0;
				LD_RUNPATH_SEARCH_PATHS = "$(inherited) @executable_path/Frameworks";
				OTHER_LDFLAGS = "-ObjC";
				PRODUCT_BUNDLE_IDENTIFIER = hurix.Contacts;
				PRODUCT_NAME = "$(TARGET_NAME)";
				SWIFT_OBJC_BRIDGING_HEADER = "Contacts-Bridging-Header.h";
				USER_HEADER_SEARCH_PATHS = "";
			};
			name = Release;
		};
		8890E3211C8AAB8E00A7215A /* Debug */ = {
			isa = XCBuildConfiguration;
			buildSettings = {
				BUNDLE_LOADER = "$(TEST_HOST)";
				INFOPLIST_FILE = ContactsTests/Info.plist;
				LD_RUNPATH_SEARCH_PATHS = "$(inherited) @executable_path/Frameworks @loader_path/Frameworks";
				PRODUCT_BUNDLE_IDENTIFIER = hurix.ContactsTests;
				PRODUCT_NAME = "$(TARGET_NAME)";
				TEST_HOST = "$(BUILT_PRODUCTS_DIR)/Contacts.app/Contacts";
			};
			name = Debug;
		};
		8890E3221C8AAB8E00A7215A /* Release */ = {
			isa = XCBuildConfiguration;
			buildSettings = {
				BUNDLE_LOADER = "$(TEST_HOST)";
				INFOPLIST_FILE = ContactsTests/Info.plist;
				LD_RUNPATH_SEARCH_PATHS = "$(inherited) @executable_path/Frameworks @loader_path/Frameworks";
				PRODUCT_BUNDLE_IDENTIFIER = hurix.ContactsTests;
				PRODUCT_NAME = "$(TARGET_NAME)";
				TEST_HOST = "$(BUILT_PRODUCTS_DIR)/Contacts.app/Contacts";
			};
			name = Release;
		};
		8890E3241C8AAB8E00A7215A /* Debug */ = {
			isa = XCBuildConfiguration;
			buildSettings = {
				INFOPLIST_FILE = ContactsUITests/Info.plist;
				LD_RUNPATH_SEARCH_PATHS = "$(inherited) @executable_path/Frameworks @loader_path/Frameworks";
				PRODUCT_BUNDLE_IDENTIFIER = hurix.ContactsUITests;
				PRODUCT_NAME = "$(TARGET_NAME)";
				TEST_TARGET_NAME = Contacts;
				USES_XCTRUNNER = YES;
			};
			name = Debug;
		};
		8890E3251C8AAB8E00A7215A /* Release */ = {
			isa = XCBuildConfiguration;
			buildSettings = {
				INFOPLIST_FILE = ContactsUITests/Info.plist;
				LD_RUNPATH_SEARCH_PATHS = "$(inherited) @executable_path/Frameworks @loader_path/Frameworks";
				PRODUCT_BUNDLE_IDENTIFIER = hurix.ContactsUITests;
				PRODUCT_NAME = "$(TARGET_NAME)";
				TEST_TARGET_NAME = Contacts;
				USES_XCTRUNNER = YES;
			};
			name = Release;
		};
/* End XCBuildConfiguration section */

/* Begin XCConfigurationList section */
		8890E2F01C8AAB8D00A7215A /* Build configuration list for PBXProject "Contacts" */ = {
			isa = XCConfigurationList;
			buildConfigurations = (
				8890E31B1C8AAB8E00A7215A /* Debug */,
				8890E31C1C8AAB8E00A7215A /* Release */,
			);
			defaultConfigurationIsVisible = 0;
			defaultConfigurationName = Release;
		};
		8890E31D1C8AAB8E00A7215A /* Build configuration list for PBXNativeTarget "Contacts" */ = {
			isa = XCConfigurationList;
			buildConfigurations = (
				8890E31E1C8AAB8E00A7215A /* Debug */,
				8890E31F1C8AAB8E00A7215A /* Release */,
			);
			defaultConfigurationIsVisible = 0;
			defaultConfigurationName = Release;
		};
		8890E3201C8AAB8E00A7215A /* Build configuration list for PBXNativeTarget "ContactsTests" */ = {
			isa = XCConfigurationList;
			buildConfigurations = (
				8890E3211C8AAB8E00A7215A /* Debug */,
				8890E3221C8AAB8E00A7215A /* Release */,
			);
			defaultConfigurationIsVisible = 0;
			defaultConfigurationName = Release;
		};
		8890E3231C8AAB8E00A7215A /* Build configuration list for PBXNativeTarget "ContactsUITests" */ = {
			isa = XCConfigurationList;
			buildConfigurations = (
				8890E3241C8AAB8E00A7215A /* Debug */,
				8890E3251C8AAB8E00A7215A /* Release */,
			);
			defaultConfigurationIsVisible = 0;
			defaultConfigurationName = Release;
		};
/* End XCConfigurationList section */

/* Begin XCVersionGroup section */
		8817E11E1C94416C00697957 /* Contacts.xcdatamodeld */ = {
			isa = XCVersionGroup;
			children = (
				8817E11F1C94416C00697957 /* Contacts.xcdatamodel */,
			);
			currentVersion = 8817E11F1C94416C00697957 /* Contacts.xcdatamodel */;
			path = Contacts.xcdatamodeld;
			sourceTree = "<group>";
			versionGroupType = wrapper.xcdatamodel;
		};
/* End XCVersionGroup section */
	};
	rootObject = 8890E2ED1C8AAB8D00A7215A /* Project object */;
}
